
Microsoft Visual Studio Solution File, Format Version 12.00
# Visual Studio Version 17
VisualStudioVersion = 17.12.35527.113 d17.12
MinimumVisualStudioVersion = 10.0.40219.1
Project("{FAE04EC0-301F-11D3-BF4B-00C04F79EFBC}") = "TPAPI-equipo-23A", "TPAPI-equipo-23A\TPAPI-equipo-23A.csproj", "{36C984FB-B6B4-4C6B-9BB5-F4D983E60273}"
EndProject
Project("{FAE04EC0-301F-11D3-BF4B-00C04F79EFBC}") = "dominio", "dominio\dominio.csproj", "{175883E8-B580-4204-BD2A-1AD902E34395}"
EndProject
Project("{FAE04EC0-301F-11D3-BF4B-00C04F79EFBC}") = "negocio", "negocio\negocio.csproj", "{0BF0C620-BF64-4AD2-82B2-4ADB6ECFBFF7}"
EndProject
Global
	GlobalSection(SolutionConfigurationPlatforms) = preSolution
		Debug|Any CPU = Debug|Any CPU
		Release|Any CPU = Release|Any CPU
	EndGlobalSection
	GlobalSection(ProjectConfigurationPlatforms) = postSolution
		{36C984FB-B6B4-4C6B-9BB5-F4D983E60273}.Debug|Any CPU.ActiveCfg = Debug|Any CPU
		{36C984FB-B6B4-4C6B-9BB5-F4D983E60273}.Debug|Any CPU.Build.0 = Debug|Any CPU
		{36C984FB-B6B4-4C6B-9BB5-F4D983E60273}.Release|Any CPU.ActiveCfg = Release|Any CPU
		{36C984FB-B6B4-4C6B-9BB5-F4D983E60273}.Release|Any CPU.Build.0 = Release|Any CPU
		{175883E8-B580-4204-BD2A-1AD902E34395}.Debug|Any CPU.ActiveCfg = Debug|Any CPU
		{175883E8-B580-4204-BD2A-1AD902E34395}.Debug|Any CPU.Build.0 = Debug|Any CPU
		{175883E8-B580-4204-BD2A-1AD902E34395}.Release|Any CPU.ActiveCfg = Release|Any CPU
		{175883E8-B580-4204-BD2A-1AD902E34395}.Release|Any CPU.Build.0 = Release|Any CPU
		{0BF0C620-BF64-4AD2-82B2-4ADB6ECFBFF7}.Debug|Any CPU.ActiveCfg = Debug|Any CPU
		{0BF0C620-BF64-4AD2-82B2-4ADB6ECFBFF7}.Debug|Any CPU.Build.0 = Debug|Any CPU
		{0BF0C620-BF64-4AD2-82B2-4ADB6ECFBFF7}.Release|Any CPU.ActiveCfg = Release|Any CPU
		{0BF0C620-BF64-4AD2-82B2-4ADB6ECFBFF7}.Release|Any CPU.Build.0 = Release|Any CPU
	EndGlobalSection
	GlobalSection(SolutionProperties) = preSolution
		HideSolutionNode = FALSE
	EndGlobalSection
EndGlobal
